
Microsoft Visual Studio Solution File, Format Version 12.00
# Visual Studio 15
VisualStudioVersion = 15.0.28307.329
MinimumVisualStudioVersion = 10.0.40219.1
Project("{FAE04EC0-301F-11D3-BF4B-00C04F79EFBC}") = "DogCRM", "DogCRM\DogCRM.csproj", "{A4EE1337-D8EB-4196-8119-7DAD39F00CA8}"
EndProject
Project("{FAE04EC0-301F-11D3-BF4B-00C04F79EFBC}") = "DogsEntities", "DogsEntities\DogsEntities.csproj", "{7DD57CA1-02CD-42E5-B84B-4AD4F8DE831A}"
EndProject
Project("{FAE04EC0-301F-11D3-BF4B-00C04F79EFBC}") = "DogAPI", "DogAPI\DogAPI.csproj", "{7079FD98-4DF7-43A2-84AA-E48D477CEB29}"
EndProject
Global
	GlobalSection(SolutionConfigurationPlatforms) = preSolution
		Debug|Any CPU = Debug|Any CPU
		Release|Any CPU = Release|Any CPU
	EndGlobalSection
	GlobalSection(ProjectConfigurationPlatforms) = postSolution
		{A4EE1337-D8EB-4196-8119-7DAD39F00CA8}.Debug|Any CPU.ActiveCfg = Debug|Any CPU
		{A4EE1337-D8EB-4196-8119-7DAD39F00CA8}.Debug|Any CPU.Build.0 = Debug|Any CPU
		{A4EE1337-D8EB-4196-8119-7DAD39F00CA8}.Release|Any CPU.ActiveCfg = Release|Any CPU
		{A4EE1337-D8EB-4196-8119-7DAD39F00CA8}.Release|Any CPU.Build.0 = Release|Any CPU
		{7DD57CA1-02CD-42E5-B84B-4AD4F8DE831A}.Debug|Any CPU.ActiveCfg = Debug|Any CPU
		{7DD57CA1-02CD-42E5-B84B-4AD4F8DE831A}.Debug|Any CPU.Build.0 = Debug|Any CPU
		{7DD57CA1-02CD-42E5-B84B-4AD4F8DE831A}.Release|Any CPU.ActiveCfg = Release|Any CPU
		{7DD57CA1-02CD-42E5-B84B-4AD4F8DE831A}.Release|Any CPU.Build.0 = Release|Any CPU
		{7079FD98-4DF7-43A2-84AA-E48D477CEB29}.Debug|Any CPU.ActiveCfg = Debug|Any CPU
		{7079FD98-4DF7-43A2-84AA-E48D477CEB29}.Debug|Any CPU.Build.0 = Debug|Any CPU
		{7079FD98-4DF7-43A2-84AA-E48D477CEB29}.Release|Any CPU.ActiveCfg = Release|Any CPU
		{7079FD98-4DF7-43A2-84AA-E48D477CEB29}.Release|Any CPU.Build.0 = Release|Any CPU
	EndGlobalSection
	GlobalSection(SolutionProperties) = preSolution
		HideSolutionNode = FALSE
	EndGlobalSection
	GlobalSection(ExtensibilityGlobals) = postSolution
		SolutionGuid = {08978A0D-8E34-449E-8127-CCD52D91951F}
	EndGlobalSection
EndGlobal
